
Microsoft Visual Studio Solution File, Format Version 12.00
# Visual Studio Version 16
VisualStudioVersion = 16.0.31729.503
MinimumVisualStudioVersion = 10.0.40219.1
Project("{FAE04EC0-301F-11D3-BF4B-00C04F79EFBC}") = "aQuang", "aQuang.csproj", "{33086CEB-E6EC-4146-9557-B5FDD22395C9}"
EndProject
Global
	GlobalSection(SolutionConfigurationPlatforms) = preSolution
		Debug|Any CPU = Debug|Any CPU
		Release|Any CPU = Release|Any CPU
	EndGlobalSection
	GlobalSection(ProjectConfigurationPlatforms) = postSolution
		{33086CEB-E6EC-4146-9557-B5FDD22395C9}.Debug|Any CPU.ActiveCfg = Debug|Any CPU
		{33086CEB-E6EC-4146-9557-B5FDD22395C9}.Debug|Any CPU.Build.0 = Debug|Any CPU
		{33086CEB-E6EC-4146-9557-B5FDD22395C9}.Release|Any CPU.ActiveCfg = Release|Any CPU
		{33086CEB-E6EC-4146-9557-B5FDD22395C9}.Release|Any CPU.Build.0 = Release|Any CPU
	EndGlobalSection
	GlobalSection(SolutionProperties) = preSolution
		HideSolutionNode = FALSE
	EndGlobalSection
	GlobalSection(ExtensibilityGlobals) = postSolution
		SolutionGuid = {8814C7E5-97C2-4982-9418-7B32E1E28CF4}
	EndGlobalSection
EndGlobal
